
Microsoft Visual Studio Solution File, Format Version 12.00
# Visual Studio 2013
VisualStudioVersion = 12.0.31101.0
MinimumVisualStudioVersion = 10.0.40219.1
Project("{FAE04EC0-301F-11D3-BF4B-00C04F79EFBC}") = "TwitchUtilities", "TwitchUtilities\TwitchUtilities.csproj", "{37C86C1F-CC6B-428C-BEC1-6AC082E4F515}"
EndProject
Project("{FAE04EC0-301F-11D3-BF4B-00C04F79EFBC}") = "Twitch.Api", "Twitch.Api\Twitch.Api.csproj", "{C70B2BEE-079E-4997-B80C-C0D1A8F91FFF}"
EndProject
Global
	GlobalSection(SolutionConfigurationPlatforms) = preSolution
		Debug|Any CPU = Debug|Any CPU
		Release|Any CPU = Release|Any CPU
	EndGlobalSection
	GlobalSection(ProjectConfigurationPlatforms) = postSolution
		{37C86C1F-CC6B-428C-BEC1-6AC082E4F515}.Debug|Any CPU.ActiveCfg = Debug|Any CPU
		{37C86C1F-CC6B-428C-BEC1-6AC082E4F515}.Debug|Any CPU.Build.0 = Debug|Any CPU
		{37C86C1F-CC6B-428C-BEC1-6AC082E4F515}.Release|Any CPU.ActiveCfg = Release|Any CPU
		{37C86C1F-CC6B-428C-BEC1-6AC082E4F515}.Release|Any CPU.Build.0 = Release|Any CPU
		{C70B2BEE-079E-4997-B80C-C0D1A8F91FFF}.Debug|Any CPU.ActiveCfg = Debug|Any CPU
		{C70B2BEE-079E-4997-B80C-C0D1A8F91FFF}.Debug|Any CPU.Build.0 = Debug|Any CPU
		{C70B2BEE-079E-4997-B80C-C0D1A8F91FFF}.Release|Any CPU.ActiveCfg = Release|Any CPU
		{C70B2BEE-079E-4997-B80C-C0D1A8F91FFF}.Release|Any CPU.Build.0 = Release|Any CPU
	EndGlobalSection
	GlobalSection(SolutionProperties) = preSolution
		HideSolutionNode = FALSE
	EndGlobalSection
EndGlobal
